{
    "_readme": [
        "This file locks the dependencies of your project to a known state",
        "Read more about it at https://getcomposer.org/doc/01-basic-usage.md#composer-lock-the-lock-file",
        "This file is @generated automatically"
    ],
    "hash": "db6e167b16464dca00659b46e8b9cd1f",
    "packages": [
        {
            "name": "cloudinary/cloudinary_php",
            "version": "dev-master",
            "source": {
                "type": "git",
                "url": "https://github.com/cloudinary/cloudinary_php.git",
                "reference": "3b8053d4998cc92d8586c3ab68199c35a75aed90"
            },
            "dist": {
                "type": "zip",
                "url": "https://api.github.com/repos/cloudinary/cloudinary_php/zipball/3b8053d4998cc92d8586c3ab68199c35a75aed90",
                "reference": "3b8053d4998cc92d8586c3ab68199c35a75aed90",
                "shasum": ""
            },
            "require": {
                "ext-curl": "*",
                "ext-json": "*",
                "php": ">=5.3.0"
            },
            "require-dev": {
                "phpunit/phpunit": "4.7.*"
            },
            "type": "library",
            "autoload": {
                "classmap": [
                    "src"
                ],
                "files": [
                    "src/Helpers.php"
                ]
            },
            "notification-url": "https://packagist.org/downloads/",
            "license": [
                "MIT"
            ],
            "authors": [
                {
                    "name": "Cloudinary",
                    "homepage": "https://github.com/cloudinary/cloudinary_php/graphs/contributors"
                }
            ],
            "description": "Cloudinary PHP SDK",
            "homepage": "https://github.com/cloudinary/cloudinary_php",
            "keywords": [
                "cdn",
                "cloud",
                "cloudinary",
                "image management",
                "sdk"
            ],
            "time": "2015-07-27 10:39:54"
        },
        {
            "name": "mashape/unirest-php",
            "version": "1.2.1",
            "source": {
                "type": "git",
                "url": "https://github.com/Mashape/unirest-php.git",
                "reference": "ff13801b7bc06a635054b3674a02588bd7d48be5"
            },
            "dist": {
                "type": "zip",
                "url": "https://api.github.com/repos/Mashape/unirest-php/zipball/ff13801b7bc06a635054b3674a02588bd7d48be5",
                "reference": "ff13801b7bc06a635054b3674a02588bd7d48be5",
                "shasum": ""
            },
            "require": {
                "ext-curl": "*",
                "ext-json": "*",
                "php": ">=5.3.0"
            },
            "require-dev": {
                "vierbergenlars/simpletest": "*"
            },
            "type": "library",
            "autoload": {
                "psr-0": {
                    "Unirest": "lib"
                }
            },
            "notification-url": "https://packagist.org/downloads/",
            "license": [
                "MIT"
            ],
            "authors": [
                {
                    "name": "Mashape",
                    "email": "support@mashape.com",
                    "homepage": "http://mashape.com"
                }
            ],
            "description": "Unirest PHP",
            "homepage": "https://github.com/Mashape/unirest-php",
            "keywords": [
                "client",
                "curl",
                "http",
                "rest"
            ],
            "time": "2014-04-05 23:28:21"
        },
        {
            "name": "sendgrid/sendgrid",
            "version": "2.0.5",
            "source": {
                "type": "git",
                "url": "https://github.com/sendgrid/sendgrid-php.git",
                "reference": "4899267531645d970675edc446f03fef20a5a931"
            },
            "dist": {
                "type": "zip",
                "url": "https://api.github.com/repos/sendgrid/sendgrid-php/zipball/4899267531645d970675edc446f03fef20a5a931",
                "reference": "4899267531645d970675edc446f03fef20a5a931",
                "shasum": ""
            },
            "require": {
                "mashape/unirest-php": "1.2.1",
                "php": ">=5.3",
                "sendgrid/smtpapi": "0.0.1"
            },
            "replace": {
                "sendgrid/sendgrid-php": "*"
            },
            "require-dev": {
                "phpunit/phpunit": "3.7.*",
                "vlucas/phpdotenv": "1.0.2"
            },
            "type": "library",
            "autoload": {
                "psr-0": {
                    "SendGrid": "lib/"
                }
            },
            "notification-url": "https://packagist.org/downloads/",
            "license": [
                "MIT"
            ],
            "description": "This library allows you to quickly and easily send emails through SendGrid using PHP.",
            "homepage": "http://github.com/sendgrid/sendgrid-php",
            "keywords": [
                "email",
                "grid",
                "send",
                "sendgrid"
            ],
            "time": "2014-04-18 17:23:19"
        },
        {
            "name": "sendgrid/smtpapi",
            "version": "0.0.1",
            "source": {
                "type": "git",
                "url": "https://github.com/sendgrid/smtpapi-php.git",
                "reference": "3ff7a7bba3b0483a839fbe26227d3d514a94d55c"
            },
            "dist": {
                "type": "zip",
                "url": "https://api.github.com/repos/sendgrid/smtpapi-php/zipball/3ff7a7bba3b0483a839fbe26227d3d514a94d55c",
                "reference": "3ff7a7bba3b0483a839fbe26227d3d514a94d55c",
                "shasum": ""
            },
            "require": {
                "php": ">=5.3"
            },
            "replace": {
                "sendgrid/smtpapi-php": "*"
            },
            "require-dev": {
                "phpunit/phpunit": "3.7.*"
            },
            "type": "library",
            "autoload": {
                "psr-0": {
                    "Smtpapi": "lib/"
                }
            },
            "notification-url": "https://packagist.org/downloads/",
            "license": [
                "MIT"
            ],
            "description": "Build SendGrid X-SMTPAPI headers in PHP.",
            "homepage": "http://github.com/sendgrid/smtpapi-php",
            "keywords": [
                "X-SMTP",
                "api",
                "email",
                "grid",
                "send",
                "sendgrid",
                "smtp",
                "smtpapi",
                "xsmtp"
            ],
            "time": "2014-01-01 01:37:15"
        }
    ],
    "packages-dev": [
        {
            "name": "heroku/heroku-buildpack-php",
            "version": "v71",
            "source": {
                "type": "git",
                "url": "https://github.com/heroku/heroku-buildpack-php.git",
                "reference": "115ddf16d45cff621961d8dd57e14ba1ff1e41dd"
            },
            "dist": {
                "type": "zip",
                "url": "https://api.github.com/repos/heroku/heroku-buildpack-php/zipball/115ddf16d45cff621961d8dd57e14ba1ff1e41dd",
                "reference": "115ddf16d45cff621961d8dd57e14ba1ff1e41dd",
                "shasum": ""
            },
            "bin": [
                "bin/heroku-hhvm-apache2",
                "bin/heroku-hhvm-nginx",
                "bin/heroku-php-apache2",
                "bin/heroku-php-nginx"
            ],
            "type": "library",
            "notification-url": "https://packagist.org/downloads/",
            "license": [
                "MIT"
            ],
            "authors": [
                {
                    "name": "David Zuelke",
                    "email": "dz@heroku.com"
                }
            ],
            "description": "Toolkit for starting a PHP application locally, with or without foreman, using the same config for PHP/HHVM and Apache2/Nginx as on Heroku",
            "homepage": "http://github.com/heroku/heroku-buildpack-php",
            "keywords": [
                "apache",
                "apache2",
                "foreman",
                "heroku",
                "hhvm",
                "nginx",
                "php"
            ],
            "time": "2015-07-14 00:38:23"
        }
    ],
    "aliases": [],
    "minimum-stability": "stable",
    "stability-flags": {
        "cloudinary/cloudinary_php": 20
    },
    "prefer-stable": false,
    "prefer-lowest": false,
    "platform": [],
    "platform-dev": []
}
